
Microsoft Visual Studio Solution File, Format Version 12.00
# Visual Studio 15
VisualStudioVersion = 15.0.27703.2000
MinimumVisualStudioVersion = 10.0.40219.1
Project("{FAE04EC0-301F-11D3-BF4B-00C04F79EFBC}") = "Project 17 SC Ayları Söyle", "Project 17 SC Ayları Söyle\Project 17 SC Ayları Söyle.csproj", "{07B867FA-5742-4C72-9805-0002FD0603EF}"
EndProject
Global
	GlobalSection(SolutionConfigurationPlatforms) = preSolution
		Debug|Any CPU = Debug|Any CPU
		Release|Any CPU = Release|Any CPU
	EndGlobalSection
	GlobalSection(ProjectConfigurationPlatforms) = postSolution
		{07B867FA-5742-4C72-9805-0002FD0603EF}.Debug|Any CPU.ActiveCfg = Debug|Any CPU
		{07B867FA-5742-4C72-9805-0002FD0603EF}.Debug|Any CPU.Build.0 = Debug|Any CPU
		{07B867FA-5742-4C72-9805-0002FD0603EF}.Release|Any CPU.ActiveCfg = Release|Any CPU
		{07B867FA-5742-4C72-9805-0002FD0603EF}.Release|Any CPU.Build.0 = Release|Any CPU
	EndGlobalSection
	GlobalSection(SolutionProperties) = preSolution
		HideSolutionNode = FALSE
	EndGlobalSection
	GlobalSection(ExtensibilityGlobals) = postSolution
		SolutionGuid = {25E839E3-6EF4-4EFD-801D-A91E8D50FAA1}
	EndGlobalSection
EndGlobal
